
Microsoft Visual Studio Solution File, Format Version 12.00
# Visual Studio Version 16
VisualStudioVersion = 16.0.30804.86
MinimumVisualStudioVersion = 10.0.40219.1
Project("{FAE04EC0-301F-11D3-BF4B-00C04F79EFBC}") = "BinarySearchTreeProject", "BinarySearchTreeProject.csproj", "{F38D4B6E-C105-4455-8BA5-A28BF7F70BE6}"
EndProject
Global
	GlobalSection(SolutionConfigurationPlatforms) = preSolution
		Debug|Any CPU = Debug|Any CPU
		Release|Any CPU = Release|Any CPU
	EndGlobalSection
	GlobalSection(ProjectConfigurationPlatforms) = postSolution
		{F38D4B6E-C105-4455-8BA5-A28BF7F70BE6}.Debug|Any CPU.ActiveCfg = Debug|Any CPU
		{F38D4B6E-C105-4455-8BA5-A28BF7F70BE6}.Debug|Any CPU.Build.0 = Debug|Any CPU
		{F38D4B6E-C105-4455-8BA5-A28BF7F70BE6}.Release|Any CPU.ActiveCfg = Release|Any CPU
		{F38D4B6E-C105-4455-8BA5-A28BF7F70BE6}.Release|Any CPU.Build.0 = Release|Any CPU
	EndGlobalSection
	GlobalSection(SolutionProperties) = preSolution
		HideSolutionNode = FALSE
	EndGlobalSection
	GlobalSection(ExtensibilityGlobals) = postSolution
		SolutionGuid = {65DD1F2C-0B50-4839-B927-25F77A204E74}
	EndGlobalSection
EndGlobal
